
Microsoft Visual Studio Solution File, Format Version 12.00
# Visual Studio Version 17
VisualStudioVersion = 17.0.31903.59
MinimumVisualStudioVersion = 10.0.40219.1
Project("{2150E333-8FDC-42A3-9474-1A3956D46DE8}") = "src", "src", "{CE6F3AC0-C18F-40CC-B13C-5524CDD8CD55}"
EndProject
Project("{FAE04EC0-301F-11D3-BF4B-00C04F79EFBC}") = "TicketNow.Gateway", "src\Gateway\TicketNow.Gateway.csproj", "{175ECA0B-9E9A-4B5E-A516-81E2B15DDC3A}"
EndProject
Project("{FAE04EC0-301F-11D3-BF4B-00C04F79EFBC}") = "TicketNow.QueueService", "src\QueueService\TicketNow.QueueService.csproj", "{47ED0079-5721-490B-BC12-753D33EF83A9}"
EndProject
Project("{FAE04EC0-301F-11D3-BF4B-00C04F79EFBC}") = "TicketNow.CatalogService", "src\CatalogService\TicketNow.CatalogService.csproj", "{1EEA6C56-2D3C-4350-8A14-CA6F6A6103BE}"
EndProject
Project("{FAE04EC0-301F-11D3-BF4B-00C04F79EFBC}") = "TicketNow.InventoryService", "src\InventoryService\TicketNow.InventoryService.csproj", "{08E99FA5-6EF9-4E65-9E3F-DEFC17C5253D}"
EndProject
Project("{FAE04EC0-301F-11D3-BF4B-00C04F79EFBC}") = "TicketNow.OrdersService", "src\OrdersService\TicketNow.OrdersService.csproj", "{EBD9C66A-C46E-4B66-ACB7-9CD3099149D7}"
EndProject
Project("{FAE04EC0-301F-11D3-BF4B-00C04F79EFBC}") = "TicketNow.NotificationsService", "src\NotificationsService\TicketNow.NotificationsService.csproj", "{795EAC53-3C9F-4E75-91D3-7442C8FC5F6A}"
EndProject
Project("{2150E333-8FDC-42A3-9474-1A3956D46DE8}") = "BuildingBlocks", "BuildingBlocks", "{825BFDCF-BE18-49B0-90F4-013BF3DFADD7}"
EndProject
Project("{FAE04EC0-301F-11D3-BF4B-00C04F79EFBC}") = "TicketNow.ServiceDefaults", "src\BuildingBlocks\TicketNow.ServiceDefaults\TicketNow.ServiceDefaults.csproj", "{D9293A1E-86C5-429C-B3D4-20BE1B42728E}"
EndProject
Project("{2150E333-8FDC-42A3-9474-1A3956D46DE8}") = "Contracts", "Contracts", "{A64028ED-0F73-42A5-9E55-F50B174B34CC}"
EndProject
Project("{FAE04EC0-301F-11D3-BF4B-00C04F79EFBC}") = "TicketNow.Contracts", "src\Contracts\TicketNow.Contracts\TicketNow.Contracts.csproj", "{221265AF-FC22-4685-91E9-8D47A06ABA1D}"
EndProject
Project("{2150E333-8FDC-42A3-9474-1A3956D46DE8}") = "tests", "tests", "{78817FE5-B6EE-413A-8ED3-737ECEDCB771}"
EndProject
Project("{FAE04EC0-301F-11D3-BF4B-00C04F79EFBC}") = "TicketNow.UnitTests", "tests\TicketNow.UnitTests\TicketNow.UnitTests.csproj", "{A3994979-28E1-438D-9F36-3CE7B7D48FCF}"
EndProject
Global
	GlobalSection(SolutionConfigurationPlatforms) = preSolution
		Debug|Any CPU = Debug|Any CPU
		Release|Any CPU = Release|Any CPU
	EndGlobalSection
	GlobalSection(SolutionProperties) = preSolution
		HideSolutionNode = FALSE
	EndGlobalSection
	GlobalSection(ProjectConfigurationPlatforms) = postSolution
		{175ECA0B-9E9A-4B5E-A516-81E2B15DDC3A}.Debug|Any CPU.ActiveCfg = Debug|Any CPU
		{175ECA0B-9E9A-4B5E-A516-81E2B15DDC3A}.Debug|Any CPU.Build.0 = Debug|Any CPU
		{175ECA0B-9E9A-4B5E-A516-81E2B15DDC3A}.Release|Any CPU.ActiveCfg = Release|Any CPU
		{175ECA0B-9E9A-4B5E-A516-81E2B15DDC3A}.Release|Any CPU.Build.0 = Release|Any CPU
		{47ED0079-5721-490B-BC12-753D33EF83A9}.Debug|Any CPU.ActiveCfg = Debug|Any CPU
		{47ED0079-5721-490B-BC12-753D33EF83A9}.Debug|Any CPU.Build.0 = Debug|Any CPU
		{47ED0079-5721-490B-BC12-753D33EF83A9}.Release|Any CPU.ActiveCfg = Release|Any CPU
		{47ED0079-5721-490B-BC12-753D33EF83A9}.Release|Any CPU.Build.0 = Release|Any CPU
		{1EEA6C56-2D3C-4350-8A14-CA6F6A6103BE}.Debug|Any CPU.ActiveCfg = Debug|Any CPU
		{1EEA6C56-2D3C-4350-8A14-CA6F6A6103BE}.Debug|Any CPU.Build.0 = Debug|Any CPU
		{1EEA6C56-2D3C-4350-8A14-CA6F6A6103BE}.Release|Any CPU.ActiveCfg = Release|Any CPU
		{1EEA6C56-2D3C-4350-8A14-CA6F6A6103BE}.Release|Any CPU.Build.0 = Release|Any CPU
		{08E99FA5-6EF9-4E65-9E3F-DEFC17C5253D}.Debug|Any CPU.ActiveCfg = Debug|Any CPU
		{08E99FA5-6EF9-4E65-9E3F-DEFC17C5253D}.Debug|Any CPU.Build.0 = Debug|Any CPU
		{08E99FA5-6EF9-4E65-9E3F-DEFC17C5253D}.Release|Any CPU.ActiveCfg = Release|Any CPU
		{08E99FA5-6EF9-4E65-9E3F-DEFC17C5253D}.Release|Any CPU.Build.0 = Release|Any CPU
		{EBD9C66A-C46E-4B66-ACB7-9CD3099149D7}.Debug|Any CPU.ActiveCfg = Debug|Any CPU
		{EBD9C66A-C46E-4B66-ACB7-9CD3099149D7}.Debug|Any CPU.Build.0 = Debug|Any CPU
		{EBD9C66A-C46E-4B66-ACB7-9CD3099149D7}.Release|Any CPU.ActiveCfg = Release|Any CPU
		{EBD9C66A-C46E-4B66-ACB7-9CD3099149D7}.Release|Any CPU.Build.0 = Release|Any CPU
		{795EAC53-3C9F-4E75-91D3-7442C8FC5F6A}.Debug|Any CPU.ActiveCfg = Debug|Any CPU
		{795EAC53-3C9F-4E75-91D3-7442C8FC5F6A}.Debug|Any CPU.Build.0 = Debug|Any CPU
		{795EAC53-3C9F-4E75-91D3-7442C8FC5F6A}.Release|Any CPU.ActiveCfg = Release|Any CPU
		{795EAC53-3C9F-4E75-91D3-7442C8FC5F6A}.Release|Any CPU.Build.0 = Release|Any CPU
		{D9293A1E-86C5-429C-B3D4-20BE1B42728E}.Debug|Any CPU.ActiveCfg = Debug|Any CPU
		{D9293A1E-86C5-429C-B3D4-20BE1B42728E}.Debug|Any CPU.Build.0 = Debug|Any CPU
		{D9293A1E-86C5-429C-B3D4-20BE1B42728E}.Release|Any CPU.ActiveCfg = Release|Any CPU
		{D9293A1E-86C5-429C-B3D4-20BE1B42728E}.Release|Any CPU.Build.0 = Release|Any CPU
		{221265AF-FC22-4685-91E9-8D47A06ABA1D}.Debug|Any CPU.ActiveCfg = Debug|Any CPU
		{221265AF-FC22-4685-91E9-8D47A06ABA1D}.Debug|Any CPU.Build.0 = Debug|Any CPU
		{221265AF-FC22-4685-91E9-8D47A06ABA1D}.Release|Any CPU.ActiveCfg = Release|Any CPU
		{221265AF-FC22-4685-91E9-8D47A06ABA1D}.Release|Any CPU.Build.0 = Release|Any CPU
		{A3994979-28E1-438D-9F36-3CE7B7D48FCF}.Debug|Any CPU.ActiveCfg = Debug|Any CPU
		{A3994979-28E1-438D-9F36-3CE7B7D48FCF}.Debug|Any CPU.Build.0 = Debug|Any CPU
		{A3994979-28E1-438D-9F36-3CE7B7D48FCF}.Release|Any CPU.ActiveCfg = Release|Any CPU
		{A3994979-28E1-438D-9F36-3CE7B7D48FCF}.Release|Any CPU.Build.0 = Release|Any CPU
	EndGlobalSection
	GlobalSection(NestedProjects) = preSolution
		{175ECA0B-9E9A-4B5E-A516-81E2B15DDC3A} = {CE6F3AC0-C18F-40CC-B13C-5524CDD8CD55}
		{47ED0079-5721-490B-BC12-753D33EF83A9} = {CE6F3AC0-C18F-40CC-B13C-5524CDD8CD55}
		{1EEA6C56-2D3C-4350-8A14-CA6F6A6103BE} = {CE6F3AC0-C18F-40CC-B13C-5524CDD8CD55}
		{08E99FA5-6EF9-4E65-9E3F-DEFC17C5253D} = {CE6F3AC0-C18F-40CC-B13C-5524CDD8CD55}
		{EBD9C66A-C46E-4B66-ACB7-9CD3099149D7} = {CE6F3AC0-C18F-40CC-B13C-5524CDD8CD55}
		{795EAC53-3C9F-4E75-91D3-7442C8FC5F6A} = {CE6F3AC0-C18F-40CC-B13C-5524CDD8CD55}
		{825BFDCF-BE18-49B0-90F4-013BF3DFADD7} = {CE6F3AC0-C18F-40CC-B13C-5524CDD8CD55}
		{D9293A1E-86C5-429C-B3D4-20BE1B42728E} = {825BFDCF-BE18-49B0-90F4-013BF3DFADD7}
		{A64028ED-0F73-42A5-9E55-F50B174B34CC} = {CE6F3AC0-C18F-40CC-B13C-5524CDD8CD55}
		{221265AF-FC22-4685-91E9-8D47A06ABA1D} = {A64028ED-0F73-42A5-9E55-F50B174B34CC}
		{A3994979-28E1-438D-9F36-3CE7B7D48FCF} = {78817FE5-B6EE-413A-8ED3-737ECEDCB771}
	EndGlobalSection
EndGlobal
